
Microsoft Visual Studio Solution File, Format Version 12.00
# Visual Studio 15
VisualStudioVersion = 15.0.27428.2015
MinimumVisualStudioVersion = 10.0.40219.1
Project("{2150E333-8FDC-42A3-9474-1A3956D46DE8}") = "src", "src", "{ADEEFFEE-CC51-4953-B146-BA0C102DB863}"
EndProject
Project("{2150E333-8FDC-42A3-9474-1A3956D46DE8}") = "Solution Items", "Solution Items", "{28A985D1-A809-42A6-B494-2ADFF642C9AD}"
	ProjectSection(SolutionItems) = preProject
		README.md = README.md
	EndProjectSection
EndProject
Project("{2150E333-8FDC-42A3-9474-1A3956D46DE8}") = "test", "test", "{BF1A6AE5-52CE-4D0B-85B4-F507F00CF41C}"
EndProject
Project("{9A19103F-16F7-4668-BE54-9A1E7A4F7556}") = "performance-log-middleware", "src\performance-log-middleware\performance-log-middleware.csproj", "{211618DF-334C-4882-A26E-A097C1269DDA}"
EndProject
Project("{9A19103F-16F7-4668-BE54-9A1E7A4F7556}") = "performance-log-middleware.test", "test\performance-log-middleware.test\performance-log-middleware.test.csproj", "{4D261EA9-28DD-4AD1-9EC0-CE947A7DE32A}"
EndProject
Global
	GlobalSection(SolutionConfigurationPlatforms) = preSolution
		Debug|Any CPU = Debug|Any CPU
		Release|Any CPU = Release|Any CPU
	EndGlobalSection
	GlobalSection(ProjectConfigurationPlatforms) = postSolution
		{211618DF-334C-4882-A26E-A097C1269DDA}.Debug|Any CPU.ActiveCfg = Debug|Any CPU
		{211618DF-334C-4882-A26E-A097C1269DDA}.Debug|Any CPU.Build.0 = Debug|Any CPU
		{211618DF-334C-4882-A26E-A097C1269DDA}.Release|Any CPU.ActiveCfg = Release|Any CPU
		{211618DF-334C-4882-A26E-A097C1269DDA}.Release|Any CPU.Build.0 = Release|Any CPU
		{4D261EA9-28DD-4AD1-9EC0-CE947A7DE32A}.Debug|Any CPU.ActiveCfg = Debug|Any CPU
		{4D261EA9-28DD-4AD1-9EC0-CE947A7DE32A}.Debug|Any CPU.Build.0 = Debug|Any CPU
		{4D261EA9-28DD-4AD1-9EC0-CE947A7DE32A}.Release|Any CPU.ActiveCfg = Release|Any CPU
		{4D261EA9-28DD-4AD1-9EC0-CE947A7DE32A}.Release|Any CPU.Build.0 = Release|Any CPU
	EndGlobalSection
	GlobalSection(SolutionProperties) = preSolution
		HideSolutionNode = FALSE
	EndGlobalSection
	GlobalSection(NestedProjects) = preSolution
		{211618DF-334C-4882-A26E-A097C1269DDA} = {ADEEFFEE-CC51-4953-B146-BA0C102DB863}
		{4D261EA9-28DD-4AD1-9EC0-CE947A7DE32A} = {BF1A6AE5-52CE-4D0B-85B4-F507F00CF41C}
	EndGlobalSection
	GlobalSection(ExtensibilityGlobals) = postSolution
		SolutionGuid = {3A515837-167B-4B62-A8DC-D4E1D80D0D93}
	EndGlobalSection
EndGlobal
